
Microsoft Visual Studio Solution File, Format Version 12.00
# Visual Studio Version 16
VisualStudioVersion = 16.0.29509.3
MinimumVisualStudioVersion = 10.0.40219.1
Project("{FAE04EC0-301F-11D3-BF4B-00C04F79EFBC}") = "LMSBL", "LMSBL\LMSBL.csproj", "{037CC453-37B5-4BFB-A39E-90A81120C3DF}"
EndProject
Project("{FAE04EC0-301F-11D3-BF4B-00C04F79EFBC}") = "LMSWeb", "LMSWeb\LMSWeb.csproj", "{7DE408F4-CC10-4B19-AE54-981614E83EE6}"
EndProject
Project("{FAE04EC0-301F-11D3-BF4B-00C04F79EFBC}") = "EmailService", "EmailService\EmailService.csproj", "{01356A64-75FC-478A-91C7-4C5A08556AC0}"
EndProject
Project("{FAE04EC0-301F-11D3-BF4B-00C04F79EFBC}") = "ScormPlayer", "CoursePLayer\ScormPlayer.csproj", "{5CB6D278-D64C-45E4-B1B0-209965D89D58}"
EndProject
Global
	GlobalSection(SolutionConfigurationPlatforms) = preSolution
		Debug|Any CPU = Debug|Any CPU
		Release|Any CPU = Release|Any CPU
	EndGlobalSection
	GlobalSection(ProjectConfigurationPlatforms) = postSolution
		{037CC453-37B5-4BFB-A39E-90A81120C3DF}.Debug|Any CPU.ActiveCfg = Debug|Any CPU
		{037CC453-37B5-4BFB-A39E-90A81120C3DF}.Debug|Any CPU.Build.0 = Debug|Any CPU
		{037CC453-37B5-4BFB-A39E-90A81120C3DF}.Release|Any CPU.ActiveCfg = Release|Any CPU
		{037CC453-37B5-4BFB-A39E-90A81120C3DF}.Release|Any CPU.Build.0 = Release|Any CPU
		{7DE408F4-CC10-4B19-AE54-981614E83EE6}.Debug|Any CPU.ActiveCfg = Debug|Any CPU
		{7DE408F4-CC10-4B19-AE54-981614E83EE6}.Debug|Any CPU.Build.0 = Debug|Any CPU
		{7DE408F4-CC10-4B19-AE54-981614E83EE6}.Release|Any CPU.ActiveCfg = Release|Any CPU
		{7DE408F4-CC10-4B19-AE54-981614E83EE6}.Release|Any CPU.Build.0 = Release|Any CPU
		{01356A64-75FC-478A-91C7-4C5A08556AC0}.Debug|Any CPU.ActiveCfg = Debug|Any CPU
		{01356A64-75FC-478A-91C7-4C5A08556AC0}.Debug|Any CPU.Build.0 = Debug|Any CPU
		{01356A64-75FC-478A-91C7-4C5A08556AC0}.Release|Any CPU.ActiveCfg = Release|Any CPU
		{01356A64-75FC-478A-91C7-4C5A08556AC0}.Release|Any CPU.Build.0 = Release|Any CPU
		{5CB6D278-D64C-45E4-B1B0-209965D89D58}.Debug|Any CPU.ActiveCfg = Debug|Any CPU
		{5CB6D278-D64C-45E4-B1B0-209965D89D58}.Debug|Any CPU.Build.0 = Debug|Any CPU
		{5CB6D278-D64C-45E4-B1B0-209965D89D58}.Release|Any CPU.ActiveCfg = Release|Any CPU
		{5CB6D278-D64C-45E4-B1B0-209965D89D58}.Release|Any CPU.Build.0 = Release|Any CPU
	EndGlobalSection
	GlobalSection(SolutionProperties) = preSolution
		HideSolutionNode = FALSE
	EndGlobalSection
	GlobalSection(ExtensibilityGlobals) = postSolution
		SolutionGuid = {0CFE3B56-F3C1-4BB0-91D2-026417F08C78}
	EndGlobalSection
EndGlobal
